Microsoft Visual Studio Solution File, Format Version 12.00
# Visual Studio Version 17
VisualStudioVersion = 17.5.2.0
MinimumVisualStudioVersion = 10.0.40219.1
Project("{FAE04EC0-301F-11D3-BF4B-00C04F79EFBC}") = "TodoListManager.API", "TodoListManager.API\TodoListManager.API.csproj", "{D71EDC74-42EF-0284-AA66-E4766A913E0C}"
EndProject
Global
	GlobalSection(SolutionConfigurationPlatforms) = preSolution
		Debug|Any CPU = Debug|Any CPU
		Release|Any CPU = Release|Any CPU
	EndGlobalSection
	GlobalSection(ProjectConfigurationPlatforms) = postSolution
		{D71EDC74-42EF-0284-AA66-E4766A913E0C}.Debug|Any CPU.ActiveCfg = Debug|Any CPU
		{D71EDC74-42EF-0284-AA66-E4766A913E0C}.Debug|Any CPU.Build.0 = Debug|Any CPU
		{D71EDC74-42EF-0284-AA66-E4766A913E0C}.Release|Any CPU.ActiveCfg = Release|Any CPU
		{D71EDC74-42EF-0284-AA66-E4766A913E0C}.Release|Any CPU.Build.0 = Release|Any CPU
	EndGlobalSection
	GlobalSection(SolutionProperties) = preSolution
		HideSolutionNode = FALSE
	EndGlobalSection
	GlobalSection(ExtensibilityGlobals) = postSolution
		SolutionGuid = {0A393383-A4D5-44FA-B8AE-E1F9F1E2A0A0}
	EndGlobalSection
EndGlobal
